
Microsoft Visual Studio Solution File, Format Version 12.00
# Visual Studio 2013
VisualStudioVersion = 12.0.31101.0
MinimumVisualStudioVersion = 10.0.40219.1
Project("{FAE04EC0-301F-11D3-BF4B-00C04F79EFBC}") = "MyApp", "MyApp\MyApp.csproj", "{99D77DBB-2CBC-48F7-B094-26686A7F10E1}"
EndProject
Project("{FAE04EC0-301F-11D3-BF4B-00C04F79EFBC}") = "MyAppTests", "MyAppTests\MyAppTests.csproj", "{8C09E7F1-D87B-4EB2-BA71-0595F9E4DAE0}"
EndProject
Global
	GlobalSection(SolutionConfigurationPlatforms) = preSolution
		Debug|Any CPU = Debug|Any CPU
		Release|Any CPU = Release|Any CPU
	EndGlobalSection
	GlobalSection(ProjectConfigurationPlatforms) = postSolution
		{99D77DBB-2CBC-48F7-B094-26686A7F10E1}.Debug|Any CPU.ActiveCfg = Debug|Any CPU
		{99D77DBB-2CBC-48F7-B094-26686A7F10E1}.Debug|Any CPU.Build.0 = Debug|Any CPU
		{99D77DBB-2CBC-48F7-B094-26686A7F10E1}.Release|Any CPU.ActiveCfg = Release|Any CPU
		{99D77DBB-2CBC-48F7-B094-26686A7F10E1}.Release|Any CPU.Build.0 = Release|Any CPU
		{8C09E7F1-D87B-4EB2-BA71-0595F9E4DAE0}.Debug|Any CPU.ActiveCfg = Debug|Any CPU
		{8C09E7F1-D87B-4EB2-BA71-0595F9E4DAE0}.Debug|Any CPU.Build.0 = Debug|Any CPU
		{8C09E7F1-D87B-4EB2-BA71-0595F9E4DAE0}.Release|Any CPU.ActiveCfg = Release|Any CPU
		{8C09E7F1-D87B-4EB2-BA71-0595F9E4DAE0}.Release|Any CPU.Build.0 = Release|Any CPU
	EndGlobalSection
	GlobalSection(SolutionProperties) = preSolution
		HideSolutionNode = FALSE
	EndGlobalSection
EndGlobal
